
Microsoft Visual Studio Solution File, Format Version 12.00
# Visual Studio Version 17
VisualStudioVersion = 17.12.35514.174 d17.12
MinimumVisualStudioVersion = 10.0.40219.1
Project("{FAE04EC0-301F-11D3-BF4B-00C04F79EFBC}") = "Sigma", "Sigma\Sigma.csproj", "{7A9AEAEE-2F9D-4D28-96A6-53FCC1ECBCA8}"
EndProject
Project("{FAE04EC0-301F-11D3-BF4B-00C04F79EFBC}") = "Controller", "Controller\Controller.csproj", "{02091706-4982-4EEF-8026-946CDEC6BB36}"
EndProject
Project("{FAE04EC0-301F-11D3-BF4B-00C04F79EFBC}") = "Service", "Service\Service.csproj", "{017DBB9F-F0A6-47E2-AC21-F1FC88B63DB1}"
EndProject
Project("{FAE04EC0-301F-11D3-BF4B-00C04F79EFBC}") = "Repository", "Repository\Repository.csproj", "{BF11709B-BC59-44CB-9AF7-96CE853C644B}"
EndProject
Project("{FAE04EC0-301F-11D3-BF4B-00C04F79EFBC}") = "Domain", "Domain\Domain.csproj", "{7A6D3530-0E0E-46F7-8503-1AA018314105}"
EndProject
Global
	GlobalSection(SolutionConfigurationPlatforms) = preSolution
		Debug|Any CPU = Debug|Any CPU
		Release|Any CPU = Release|Any CPU
	EndGlobalSection
	GlobalSection(ProjectConfigurationPlatforms) = postSolution
		{7A9AEAEE-2F9D-4D28-96A6-53FCC1ECBCA8}.Debug|Any CPU.ActiveCfg = Debug|Any CPU
		{7A9AEAEE-2F9D-4D28-96A6-53FCC1ECBCA8}.Debug|Any CPU.Build.0 = Debug|Any CPU
		{7A9AEAEE-2F9D-4D28-96A6-53FCC1ECBCA8}.Release|Any CPU.ActiveCfg = Release|Any CPU
		{7A9AEAEE-2F9D-4D28-96A6-53FCC1ECBCA8}.Release|Any CPU.Build.0 = Release|Any CPU
		{02091706-4982-4EEF-8026-946CDEC6BB36}.Debug|Any CPU.ActiveCfg = Debug|Any CPU
		{02091706-4982-4EEF-8026-946CDEC6BB36}.Debug|Any CPU.Build.0 = Debug|Any CPU
		{02091706-4982-4EEF-8026-946CDEC6BB36}.Release|Any CPU.ActiveCfg = Release|Any CPU
		{02091706-4982-4EEF-8026-946CDEC6BB36}.Release|Any CPU.Build.0 = Release|Any CPU
		{017DBB9F-F0A6-47E2-AC21-F1FC88B63DB1}.Debug|Any CPU.ActiveCfg = Debug|Any CPU
		{017DBB9F-F0A6-47E2-AC21-F1FC88B63DB1}.Debug|Any CPU.Build.0 = Debug|Any CPU
		{017DBB9F-F0A6-47E2-AC21-F1FC88B63DB1}.Release|Any CPU.ActiveCfg = Release|Any CPU
		{017DBB9F-F0A6-47E2-AC21-F1FC88B63DB1}.Release|Any CPU.Build.0 = Release|Any CPU
		{BF11709B-BC59-44CB-9AF7-96CE853C644B}.Debug|Any CPU.ActiveCfg = Debug|Any CPU
		{BF11709B-BC59-44CB-9AF7-96CE853C644B}.Debug|Any CPU.Build.0 = Debug|Any CPU
		{BF11709B-BC59-44CB-9AF7-96CE853C644B}.Release|Any CPU.ActiveCfg = Release|Any CPU
		{BF11709B-BC59-44CB-9AF7-96CE853C644B}.Release|Any CPU.Build.0 = Release|Any CPU
		{7A6D3530-0E0E-46F7-8503-1AA018314105}.Debug|Any CPU.ActiveCfg = Debug|Any CPU
		{7A6D3530-0E0E-46F7-8503-1AA018314105}.Debug|Any CPU.Build.0 = Debug|Any CPU
		{7A6D3530-0E0E-46F7-8503-1AA018314105}.Release|Any CPU.ActiveCfg = Release|Any CPU
		{7A6D3530-0E0E-46F7-8503-1AA018314105}.Release|Any CPU.Build.0 = Release|Any CPU
	EndGlobalSection
	GlobalSection(SolutionProperties) = preSolution
		HideSolutionNode = FALSE
	EndGlobalSection
EndGlobal
